
Microsoft Visual Studio Solution File, Format Version 12.00
# Visual Studio Version 16
VisualStudioVersion = 16.0.29503.13
MinimumVisualStudioVersion = 10.0.40219.1
Project("{8BC9CEB8-8B4A-11D0-8D11-00A0C91BC942}") = "CppExcercise1", "CppExcercise1\CppExcercise1.vcxproj", "{23A72339-6C83-4C42-A0D6-A24870FA2611}"
EndProject
Global
	GlobalSection(SolutionConfigurationPlatforms) = preSolution
		Debug|x64 = Debug|x64
		Debug|x86 = Debug|x86
		Release|x64 = Release|x64
		Release|x86 = Release|x86
	EndGlobalSection
	GlobalSection(ProjectConfigurationPlatforms) = postSolution
		{23A72339-6C83-4C42-A0D6-A24870FA2611}.Debug|x64.ActiveCfg = Debug|x64
		{23A72339-6C83-4C42-A0D6-A24870FA2611}.Debug|x64.Build.0 = Debug|x64
		{23A72339-6C83-4C42-A0D6-A24870FA2611}.Debug|x86.ActiveCfg = Debug|Win32
		{23A72339-6C83-4C42-A0D6-A24870FA2611}.Debug|x86.Build.0 = Debug|Win32
		{23A72339-6C83-4C42-A0D6-A24870FA2611}.Release|x64.ActiveCfg = Release|x64
		{23A72339-6C83-4C42-A0D6-A24870FA2611}.Release|x64.Build.0 = Release|x64
		{23A72339-6C83-4C42-A0D6-A24870FA2611}.Release|x86.ActiveCfg = Release|Win32
		{23A72339-6C83-4C42-A0D6-A24870FA2611}.Release|x86.Build.0 = Release|Win32
	EndGlobalSection
	GlobalSection(SolutionProperties) = preSolution
		HideSolutionNode = FALSE
	EndGlobalSection
	GlobalSection(ExtensibilityGlobals) = postSolution
		SolutionGuid = {04E1E5D7-F1CB-44D5-A519-FEE108C1BA07}
	EndGlobalSection
EndGlobal
